
Microsoft Visual Studio Solution File, Format Version 12.00
# Visual Studio 15
VisualStudioVersion = 15.0.28307.271
MinimumVisualStudioVersion = 10.0.40219.1
Project("{9A19103F-16F7-4668-BE54-9A1E7A4F7556}") = "GuestLogix.Business.Models", "ClassLibrary1\GuestLogix.Business.Models.csproj", "{6BF287E7-9E96-4045-96E4-3435AC1A1A44}"
EndProject
Project("{FAE04EC0-301F-11D3-BF4B-00C04F79EFBC}") = "GuestLogix.WebApi", "GuestLogix.WebApi\GuestLogix.WebApi.csproj", "{D58B2749-AA7F-4835-A597-F98436C6D87F}"
EndProject
Project("{FAE04EC0-301F-11D3-BF4B-00C04F79EFBC}") = "GuestsLogix.Business.Repository", "GuestsLogix.Business.Repository\GuestsLogix.Business.Repository.csproj", "{D6FBEE7C-196A-432B-AFA5-930A3CFE03D2}"
EndProject
Project("{FAE04EC0-301F-11D3-BF4B-00C04F79EFBC}") = "GuestLogix.Tests", "GuestLogix.Tests\GuestLogix.Tests.csproj", "{E8979B35-9317-4C92-B3C5-A71C05744639}"
EndProject
Global
	GlobalSection(SolutionConfigurationPlatforms) = preSolution
		Debug|Any CPU = Debug|Any CPU
		Release|Any CPU = Release|Any CPU
	EndGlobalSection
	GlobalSection(ProjectConfigurationPlatforms) = postSolution
		{6BF287E7-9E96-4045-96E4-3435AC1A1A44}.Debug|Any CPU.ActiveCfg = Debug|Any CPU
		{6BF287E7-9E96-4045-96E4-3435AC1A1A44}.Debug|Any CPU.Build.0 = Debug|Any CPU
		{6BF287E7-9E96-4045-96E4-3435AC1A1A44}.Release|Any CPU.ActiveCfg = Release|Any CPU
		{6BF287E7-9E96-4045-96E4-3435AC1A1A44}.Release|Any CPU.Build.0 = Release|Any CPU
		{D58B2749-AA7F-4835-A597-F98436C6D87F}.Debug|Any CPU.ActiveCfg = Debug|Any CPU
		{D58B2749-AA7F-4835-A597-F98436C6D87F}.Debug|Any CPU.Build.0 = Debug|Any CPU
		{D58B2749-AA7F-4835-A597-F98436C6D87F}.Release|Any CPU.ActiveCfg = Release|Any CPU
		{D58B2749-AA7F-4835-A597-F98436C6D87F}.Release|Any CPU.Build.0 = Release|Any CPU
		{D6FBEE7C-196A-432B-AFA5-930A3CFE03D2}.Debug|Any CPU.ActiveCfg = Debug|Any CPU
		{D6FBEE7C-196A-432B-AFA5-930A3CFE03D2}.Debug|Any CPU.Build.0 = Debug|Any CPU
		{D6FBEE7C-196A-432B-AFA5-930A3CFE03D2}.Release|Any CPU.ActiveCfg = Release|Any CPU
		{D6FBEE7C-196A-432B-AFA5-930A3CFE03D2}.Release|Any CPU.Build.0 = Release|Any CPU
		{E8979B35-9317-4C92-B3C5-A71C05744639}.Debug|Any CPU.ActiveCfg = Debug|Any CPU
		{E8979B35-9317-4C92-B3C5-A71C05744639}.Debug|Any CPU.Build.0 = Debug|Any CPU
		{E8979B35-9317-4C92-B3C5-A71C05744639}.Release|Any CPU.ActiveCfg = Release|Any CPU
		{E8979B35-9317-4C92-B3C5-A71C05744639}.Release|Any CPU.Build.0 = Release|Any CPU
	EndGlobalSection
	GlobalSection(SolutionProperties) = preSolution
		HideSolutionNode = FALSE
	EndGlobalSection
	GlobalSection(ExtensibilityGlobals) = postSolution
		SolutionGuid = {B6F7A768-A09B-4278-9B82-8D26D5692AF9}
	EndGlobalSection
EndGlobal
